{
  "requires": true,
  "lockfileVersion": 1,
  "dependencies": {
    "bootstrap": {
      "version": "5.1.3",
      "resolved": "https://artifactory.g.devqa.gcp.dev.paypalinc.com/artifactory/api/npm/npm-all/bootstrap/-/bootstrap-5.1.3.tgz",
      "integrity": "sha1-uggbDBMPgQ+nCQCsvBxtPCj6jzQ="
    },
    "chalk": {
      "version": "5.0.1",
      "resolved": "https://artifactory.g.devqa.gcp.dev.paypalinc.com/artifactory/api/npm/npm-all/chalk/-/chalk-5.0.1.tgz",
      "integrity": "sha1-ylfXHoK7U0opbfY7usxKHCKypLY="
    }
  }
}
